// !$*UTF8*$!
{
	archiveVersion = 1;
	classes = {
	};
	objectVersion = 46;
	objects = {

/* Begin PBXBuildFile section */
		75D862F51AF02D64007ED169 /* AppDelegate.swift in Sources */ = {isa = PBXBuildFile; fileRef = 75D862F41AF02D64007ED169 /* AppDelegate.swift */; };
		75D862F81AF02D64007ED169 /* ShouJiHaoMa.xcdatamodeld in Sources */ = {isa = PBXBuildFile; fileRef = 75D862F61AF02D64007ED169 /* ShouJiHaoMa.xcdatamodeld */; };
		75D862FA1AF02D64007ED169 /* Images.xcassets in Resources */ = {isa = PBXBuildFile; fileRef = 75D862F91AF02D64007ED169 /* Images.xcassets */; };
		75D862FD1AF02D64007ED169 /* LaunchScreen.xib in Resources */ = {isa = PBXBuildFile; fileRef = 75D862FB1AF02D64007ED169 /* LaunchScreen.xib */; };
		75D863091AF02D64007ED169 /* ShouJiHaoMaTests.swift in Sources */ = {isa = PBXBuildFile; fileRef = 75D863081AF02D64007ED169 /* ShouJiHaoMaTests.swift */; };
/* End PBXBuildFile section */

/* Begin PBXContainerItemProxy section */
		75D863031AF02D64007ED169 /* PBXContainerItemProxy */ = {
			isa = PBXContainerItemProxy;
			containerPortal = 75D862E71AF02D64007ED169 /* Project object */;
			proxyType = 1;
			remoteGlobalIDString = 75D862EE1AF02D64007ED169;
			remoteInfo = ShouJiHaoMa;
		};
/* End PBXContainerItemProxy section */

/* Begin PBXFileReference section */
		75D862EF1AF02D64007ED169 /* ShouJiHaoMa.app */ = {isa = PBXFileReference; explicitFileType = wrapper.application; includeInIndex = 0; path = ShouJiHaoMa.app; sourceTree = BUILT_PRODUCTS_DIR; };
		75D862F31AF02D64007ED169 /* Info.plist */ = {isa = PBXFileReference; lastKnownFileType = text.plist.xml; path = Info.plist; sourceTree = "<group>"; };
		75D862F41AF02D64007ED169 /* AppDelegate.swift */ = {isa = PBXFileReference; lastKnownFileType = sourcecode.swift; path = AppDelegate.swift; sourceTree = "<group>"; };
		75D862F71AF02D64007ED169 /* ShouJiHaoMa.xcdatamodel */ = {isa = PBXFileReference; lastKnownFileType = wrapper.xcdatamodel; path = ShouJiHaoMa.xcdatamodel; sourceTree = "<group>"; };
		75D862F91AF02D64007ED169 /* Images.xcassets */ = {isa = PBXFileReference; lastKnownFileType = folder.assetcatalog; path = Images.xcassets; sourceTree = "<group>"; };
		75D862FC1AF02D64007ED169 /* Base */ = {isa = PBXFileReference; lastKnownFileType = file.xib; name = Base; path = Base.lproj/LaunchScreen.xib; sourceTree = "<group>"; };
		75D863021AF02D64007ED169 /* ShouJiHaoMaTests.xctest */ = {isa = PBXFileReference; explicitFileType = wrapper.cfbundle; includeInIndex = 0; path = ShouJiHaoMaTests.xctest; sourceTree = BUILT_PRODUCTS_DIR; };
		75D863071AF02D64007ED169 /* Info.plist */ = {isa = PBXFileReference; lastKnownFileType = text.plist.xml; path = Info.plist; sourceTree = "<group>"; };
		75D863081AF02D64007ED169 /* ShouJiHaoMaTests.swift */ = {isa = PBXFileReference; lastKnownFileType = sourcecode.swift; path = ShouJiHaoMaTests.swift; sourceTree = "<group>"; };
/* End PBXFileReference section */

/* Begin PBXFrameworksBuildPhase section */
		75D862EC1AF02D64007ED169 /* Frameworks */ = {
			isa = PBXFrameworksBuildPhase;
			buildActionMask = 2147483647;
			files = (
			);
			runOnlyForDeploymentPostprocessing = 0;
		};
		75D862FF1AF02D64007ED169 /* Frameworks */ = {
			isa = PBXFrameworksBuildPhase;
			buildActionMask = 2147483647;
			files = (
			);
			runOnlyForDeploymentPostprocessing = 0;
		};
/* End PBXFrameworksBuildPhase section */

/* Begin PBXGroup section */
		75D862E61AF02D64007ED169 = {
			isa = PBXGroup;
			children = (
				75D862F11AF02D64007ED169 /* ShouJiHaoMa */,
				75D863051AF02D64007ED169 /* ShouJiHaoMaTests */,
				75D862F01AF02D64007ED169 /* Products */,
			);
			sourceTree = "<group>";
		};
		75D862F01AF02D64007ED169 /* Products */ = {
			isa = PBXGroup;
			children = (
				75D862EF1AF02D64007ED169 /* ShouJiHaoMa.app */,
				75D863021AF02D64007ED169 /* ShouJiHaoMaTests.xctest */,
			);
			name = Products;
			sourceTree = "<group>";
		};
		75D862F11AF02D64007ED169 /* ShouJiHaoMa */ = {
			isa = PBXGroup;
			children = (
				75D862F41AF02D64007ED169 /* AppDelegate.swift */,
				75D862F91AF02D64007ED169 /* Images.xcassets */,
				75D862FB1AF02D64007ED169 /* LaunchScreen.xib */,
				75D862F61AF02D64007ED169 /* ShouJiHaoMa.xcdatamodeld */,
				75D862F21AF02D64007ED169 /* Supporting Files */,
			);
			path = ShouJiHaoMa;
			sourceTree = "<group>";
		};
		75D862F21AF02D64007ED169 /* Supporting Files */ = {
			isa = PBXGroup;
			children = (
				75D862F31AF02D64007ED169 /* Info.plist */,
			);
			name = "Supporting Files";
			sourceTree = "<group>";
		};
		75D863051AF02D64007ED169 /* ShouJiHaoMaTests */ = {
			isa = PBXGroup;
			children = (
				75D863081AF02D64007ED169 /* ShouJiHaoMaTests.swift */,
				75D863061AF02D64007ED169 /* Supporting Files */,
			);
			path = ShouJiHaoMaTests;
			sourceTree = "<group>";
		};
		75D863061AF02D64007ED169 /* Supporting Files */ = {
			isa = PBXGroup;
			children = (
				75D863071AF02D64007ED169 /* Info.plist */,
			);
			name = "Supporting Files";
			sourceTree = "<group>";
		};
/* End PBXGroup section */

/* Begin PBXNativeTarget section */
		75D862EE1AF02D64007ED169 /* ShouJiHaoMa */ = {
			isa = PBXNativeTarget;
			buildConfigurationList = 75D8630C1AF02D64007ED169 /* Build configuration list for PBXNativeTarget "ShouJiHaoMa" */;
			buildPhases = (
				75D862EB1AF02D64007ED169 /* Sources */,
				75D862EC1AF02D64007ED169 /* Frameworks */,
				75D862ED1AF02D64007ED169 /* Resources */,
			);
			buildRules = (
			);
			dependencies = (
			);
			name = ShouJiHaoMa;
			productName = ShouJiHaoMa;
			productReference = 75D862EF1AF02D64007ED169 /* ShouJiHaoMa.app */;
			productType = "com.apple.product-type.application";
		};
		75D863011AF02D64007ED169 /* ShouJiHaoMaTests */ = {
			isa = PBXNativeTarget;
			buildConfigurationList = 75D8630F1AF02D64007ED169 /* Build configuration list for PBXNativeTarget "ShouJiHaoMaTests" */;
			buildPhases = (
				75D862FE1AF02D64007ED169 /* Sources */,
				75D862FF1AF02D64007ED169 /* Frameworks */,
				75D863001AF02D64007ED169 /* Resources */,
			);
			buildRules = (
			);
			dependencies = (
				75D863041AF02D64007ED169 /* PBXTargetDependency */,
			);
			name = ShouJiHaoMaTests;
			productName = ShouJiHaoMaTests;
			productReference = 75D863021AF02D64007ED169 /* ShouJiHaoMaTests.xctest */;
			productType = "com.apple.product-type.bundle.unit-test";
		};
/* End PBXNativeTarget section */

/* Begin PBXProject section */
		75D862E71AF02D64007ED169 /* Project object */ = {
			isa = PBXProject;
			attributes = {
				LastUpgradeCheck = 0630;
				ORGANIZATIONNAME = CHT;
				TargetAttributes = {
					75D862EE1AF02D64007ED169 = {
						CreatedOnToolsVersion = 6.3.1;
					};
					75D863011AF02D64007ED169 = {
						CreatedOnToolsVersion = 6.3.1;
						TestTargetID = 75D862EE1AF02D64007ED169;
					};
				};
			};
			buildConfigurationList = 75D862EA1AF02D64007ED169 /* Build configuration list for PBXProject "ShouJiHaoMa" */;
			compatibilityVersion = "Xcode 3.2";
			developmentRegion = English;
			hasScannedForEncodings = 0;
			knownRegions = (
				en,
				Base,
			);
			mainGroup = 75D862E61AF02D64007ED169;
			productRefGroup = 75D862F01AF02D64007ED169 /* Products */;
			projectDirPath = "";
			projectRoot = "";
			targets = (
				75D862EE1AF02D64007ED169 /* ShouJiHaoMa */,
				75D863011AF02D64007ED169 /* ShouJiHaoMaTests */,
			);
		};
/* End PBXProject section */

/* Begin PBXResourcesBuildPhase section */
		75D862ED1AF02D64007ED169 /* Resources */ = {
			isa = PBXResourcesBuildPhase;
			buildActionMask = 2147483647;
			files = (
				75D862FD1AF02D64007ED169 /* LaunchScreen.xib in Resources */,
				75D862FA1AF02D64007ED169 /* Images.xcassets in Resources */,
			);
			runOnlyForDeploymentPostprocessing = 0;
		};
		75D863001AF02D64007ED169 /* Resources */ = {
			isa = PBXResourcesBuildPhase;
			buildActionMask = 2147483647;
			files = (
			);
			runOnlyForDeploymentPostprocessing = 0;
		};
/* End PBXResourcesBuildPhase section */

/* Begin PBXSourcesBuildPhase section */
		75D862EB1AF02D64007ED169 /* Sources */ = {
			isa = PBXSourcesBuildPhase;
			buildActionMask = 2147483647;
			files = (
				75D862F81AF02D64007ED169 /* ShouJiHaoMa.xcdatamodeld in Sources */,
				75D862F51AF02D64007ED169 /* AppDelegate.swift in Sources */,
			);
			runOnlyForDeploymentPostprocessing = 0;
		};
		75D862FE1AF02D64007ED169 /* Sources */ = {
			isa = PBXSourcesBuildPhase;
			buildActionMask = 2147483647;
			files = (
				75D863091AF02D64007ED169 /* ShouJiHaoMaTests.swift in Sources */,
			);
			runOnlyForDeploymentPostprocessing = 0;
		};
/* End PBXSourcesBuildPhase section */

/* Begin PBXTargetDependency section */
		75D863041AF02D64007ED169 /* PBXTargetDependency */ = {
			isa = PBXTargetDependency;
			target = 75D862EE1AF02D64007ED169 /* ShouJiHaoMa */;
			targetProxy = 75D863031AF02D64007ED169 /* PBXContainerItemProxy */;
		};
/* End PBXTargetDependency section */

/* Begin PBXVariantGroup section */
		75D862FB1AF02D64007ED169 /* LaunchScreen.xib */ = {
			isa = PBXVariantGroup;
			children = (
				75D862FC1AF02D64007ED169 /* Base */,
			);
			name = LaunchScreen.xib;
			sourceTree = "<group>";
		};
/* End PBXVariantGroup section */

/* Begin XCBuildConfiguration section */
		75D8630A1AF02D64007ED169 /* Debug */ = {
			isa = XCBuildConfiguration;
			buildSettings = {
				ALWAYS_SEARCH_USER_PATHS = NO;
				CLANG_CXX_LANGUAGE_STANDARD = "gnu++0x";
				CLANG_CXX_LIBRARY = "libc++";
				CLANG_ENABLE_MODULES = YES;
				CLANG_ENABLE_OBJC_ARC = YES;
				CLANG_WARN_BOOL_CONVERSION = YES;
				CLANG_WARN_CONSTANT_CONVERSION = YES;
				CLANG_WARN_DIRECT_OBJC_ISA_USAGE = YES_ERROR;
				CLANG_WARN_EMPTY_BODY = YES;
				CLANG_WARN_ENUM_CONVERSION = YES;
				CLANG_WARN_INT_CONVERSION = YES;
				CLANG_WARN_OBJC_ROOT_CLASS = YES_ERROR;
				CLANG_WARN_UNREACHABLE_CODE = YES;
				CLANG_WARN__DUPLICATE_METHOD_MATCH = YES;
				"CODE_SIGN_IDENTITY[sdk=iphoneos*]" = "iPhone Developer";
				COPY_PHASE_STRIP = NO;
				DEBUG_INFORMATION_FORMAT = "dwarf-with-dsym";
				ENABLE_STRICT_OBJC_MSGSEND = YES;
				GCC_C_LANGUAGE_STANDARD = gnu99;
				GCC_DYNAMIC_NO_PIC = NO;
				GCC_NO_COMMON_BLOCKS = YES;
				GCC_OPTIMIZATION_LEVEL = 0;
				GCC_PREPROCESSOR_DEFINITIONS = (
					"DEBUG=1",
					"$(inherited)",
				);
				GCC_SYMBOLS_PRIVATE_EXTERN = NO;
				GCC_WARN_64_TO_32_BIT_CONVERSION = YES;
				GCC_WARN_ABOUT_RETURN_TYPE = YES_ERROR;
				GCC_WARN_UNDECLARED_SELECTOR = YES;
				GCC_WARN_UNINITIALIZED_AUTOS = YES_AGGRESSIVE;
				GCC_WARN_UNUSED_FUNCTION = YES;
				GCC_WARN_UNUSED_VARIABLE = YES;
				IPHONEOS_DEPLOYMENT_TARGET = 8.3;
				MTL_ENABLE_DEBUG_INFO = YES;
				ONLY_ACTIVE_ARCH = YES;
				SDKROOT = iphoneos;
				SWIFT_OPTIMIZATION_LEVEL = "-Onone";
				TARGETED_DEVICE_FAMILY = "1,2";
			};
			name = Debug;
		};
		75D8630B1AF02D64007ED169 /* Release */ = {
			isa = XCBuildConfiguration;
			buildSettings = {
				ALWAYS_SEARCH_USER_PATHS = NO;
				CLANG_CXX_LANGUAGE_STANDARD = "gnu++0x";
				CLANG_CXX_LIBRARY = "libc++";
				CLANG_ENABLE_MODULES = YES;
				CLANG_ENABLE_OBJC_ARC = YES;
				CLANG_WARN_BOOL_CONVERSION = YES;
				CLANG_WARN_CONSTANT_CONVERSION = YES;
				CLANG_WARN_DIRECT_OBJC_ISA_USAGE = YES_ERROR;
				CLANG_WARN_EMPTY_BODY = YES;
				CLANG_WARN_ENUM_CONVERSION = YES;
				CLANG_WARN_INT_CONVERSION = YES;
				CLANG_WARN_OBJC_ROOT_CLASS = YES_ERROR;
				CLANG_WARN_UNREACHABLE_CODE = YES;
				CLANG_WARN__DUPLICATE_METHOD_MATCH = YES;
				"CODE_SIGN_IDENTITY[sdk=iphoneos*]" = "iPhone Developer";
				COPY_PHASE_STRIP = NO;
				DEBUG_INFORMATION_FORMAT = "dwarf-with-dsym";
				ENABLE_NS_ASSERTIONS = NO;
				ENABLE_STRICT_OBJC_MSGSEND = YES;
				GCC_C_LANGUAGE_STANDARD = gnu99;
				GCC_NO_COMMON_BLOCKS = YES;
				GCC_WARN_64_TO_32_BIT_CONVERSION = YES;
				GCC_WARN_ABOUT_RETURN_TYPE = YES_ERROR;
				GCC_WARN_UNDECLARED_SELECTOR = YES;
				GCC_WARN_UNINITIALIZED_AUTOS = YES_AGGRESSIVE;
				GCC_WARN_UNUSED_FUNCTION = YES;
				GCC_WARN_UNUSED_VARIABLE = YES;
				IPHONEOS_DEPLOYMENT_TARGET = 8.3;
				MTL_ENABLE_DEBUG_INFO = NO;
				SDKROOT = iphoneos;
				TARGETED_DEVICE_FAMILY = "1,2";
				VALIDATE_PRODUCT = YES;
			};
			name = Release;
		};
		75D8630D1AF02D64007ED169 /* Debug */ = {
			isa = XCBuildConfiguration;
			buildSettings = {
				ASSETCATALOG_COMPILER_APPICON_NAME = AppIcon;
				INFOPLIST_FILE = ShouJiHaoMa/Info.plist;
				LD_RUNPATH_SEARCH_PATHS = "$(inherited) @executable_path/Frameworks";
				PRODUCT_NAME = "$(TARGET_NAME)";
			};
			name = Debug;
		};
		75D8630E1AF02D64007ED169 /* Release */ = {
			isa = XCBuildConfiguration;
			buildSettings = {
				ASSETCATALOG_COMPILER_APPICON_NAME = AppIcon;
				INFOPLIST_FILE = ShouJiHaoMa/Info.plist;
				LD_RUNPATH_SEARCH_PATHS = "$(inherited) @executable_path/Frameworks";
				PRODUCT_NAME = "$(TARGET_NAME)";
			};
			name = Release;
		};
		75D863101AF02D64007ED169 /* Debug */ = {
			isa = XCBuildConfiguration;
			buildSettings = {
				BUNDLE_LOADER = "$(TEST_HOST)";
				FRAMEWORK_SEARCH_PATHS = (
					"$(SDKROOT)/Developer/Library/Frameworks",
					"$(inherited)",
				);
				GCC_PREPROCESSOR_DEFINITIONS = (
					"DEBUG=1",
					"$(inherited)",
				);
				INFOPLIST_FILE = ShouJiHaoMaTests/Info.plist;
				LD_RUNPATH_SEARCH_PATHS = "$(inherited) @executable_path/Frameworks @loader_path/Frameworks";
				PRODUCT_NAME = "$(TARGET_NAME)";
				TEST_HOST = "$(BUILT_PRODUCTS_DIR)/ShouJiHaoMa.app/ShouJiHaoMa";
			};
			name = Debug;
		};
		75D863111AF02D64007ED169 /* Release */ = {
			isa = XCBuildConfiguration;
			buildSettings = {
				BUNDLE_LOADER = "$(TEST_HOST)";
				FRAMEWORK_SEARCH_PATHS = (
					"$(SDKROOT)/Developer/Library/Frameworks",
					"$(inherited)",
				);
				INFOPLIST_FILE = ShouJiHaoMaTests/Info.plist;
				LD_RUNPATH_SEARCH_PATHS = "$(inherited) @executable_path/Frameworks @loader_path/Frameworks";
				PRODUCT_NAME = "$(TARGET_NAME)";
				TEST_HOST = "$(BUILT_PRODUCTS_DIR)/ShouJiHaoMa.app/ShouJiHaoMa";
			};
			name = Release;
		};
/* End XCBuildConfiguration section */

/* Begin XCConfigurationList section */
		75D862EA1AF02D64007ED169 /* Build configuration list for PBXProject "ShouJiHaoMa" */ = {
			isa = XCConfigurationList;
			buildConfigurations = (
				75D8630A1AF02D64007ED169 /* Debug */,
				75D8630B1AF02D64007ED169 /* Release */,
			);
			defaultConfigurationIsVisible = 0;
			defaultConfigurationName = Release;
		};
		75D8630C1AF02D64007ED169 /* Build configuration list for PBXNativeTarget "ShouJiHaoMa" */ = {
			isa = XCConfigurationList;
			buildConfigurations = (
				75D8630D1AF02D64007ED169 /* Debug */,
				75D8630E1AF02D64007ED169 /* Release */,
			);
			defaultConfigurationIsVisible = 0;
		};
		75D8630F1AF02D64007ED169 /* Build configuration list for PBXNativeTarget "ShouJiHaoMaTests" */ = {
			isa = XCConfigurationList;
			buildConfigurations = (
				75D863101AF02D64007ED169 /* Debug */,
				75D863111AF02D64007ED169 /* Release */,
			);
			defaultConfigurationIsVisible = 0;
		};
/* End XCConfigurationList section */

/* Begin XCVersionGroup section */
		75D862F61AF02D64007ED169 /* ShouJiHaoMa.xcdatamodeld */ = {
			isa = XCVersionGroup;
			children = (
				75D862F71AF02D64007ED169 /* ShouJiHaoMa.xcdatamodel */,
			);
			currentVersion = 75D862F71AF02D64007ED169 /* ShouJiHaoMa.xcdatamodel */;
			path = ShouJiHaoMa.xcdatamodeld;
			sourceTree = "<group>";
			versionGroupType = wrapper.xcdatamodel;
		};
/* End XCVersionGroup section */
	};
	rootObject = 75D862E71AF02D64007ED169 /* Project object */;
}
